
Microsoft Visual Studio Solution File, Format Version 12.00
# Visual Studio 2012
Project("{FAE04EC0-301F-11D3-BF4B-00C04F79EFBC}") = "SlimShader", "SlimShader\SlimShader.csproj", "{D75528F5-54F9-4E31-94F6-03C194F74CF2}"
EndProject
Project("{FAE04EC0-301F-11D3-BF4B-00C04F79EFBC}") = "SlimShader.Tests", "SlimShader.Tests\SlimShader.Tests.csproj", "{3D19DAC1-E727-43BA-A264-A64408B4D598}"
EndProject
Project("{FAE04EC0-301F-11D3-BF4B-00C04F79EFBC}") = "SlimShader.VirtualMachine", "SlimShader.VirtualMachine\SlimShader.VirtualMachine.csproj", "{167769B9-A10E-4DFD-B09F-43BFEF4EB673}"
EndProject
Project("{FAE04EC0-301F-11D3-BF4B-00C04F79EFBC}") = "SlimShader.VirtualMachine.Tests", "SlimShader.VirtualMachine.Tests\SlimShader.VirtualMachine.Tests.csproj", "{B2E82297-2DCA-4D0A-8CA1-C68A6DB62D67}"
EndProject
Project("{FAE04EC0-301F-11D3-BF4B-00C04F79EFBC}") = "SlimShader.Studio", "SlimShader.Studio\SlimShader.Studio.csproj", "{A8C6CC60-E125-4993-9DA4-41784675B5A5}"
EndProject
Project("{FAE04EC0-301F-11D3-BF4B-00C04F79EFBC}") = "SlimShader.Compiler", "SlimShader.Compiler\SlimShader.Compiler.csproj", "{B0930EDC-6303-4641-B44D-3AE73A9D00A8}"
EndProject
Project("{FAE04EC0-301F-11D3-BF4B-00C04F79EFBC}") = "SlimShader.VirtualMachine.Jitter", "SlimShader.VirtualMachine.Jitter\SlimShader.VirtualMachine.Jitter.csproj", "{32D8D38E-918D-40A7-BFD5-83B0EF596F6B}"
EndProject
Project("{2150E333-8FDC-42A3-9474-1A3956D46DE8}") = ".nuget", ".nuget", "{696D19DB-4683-42E8-B08B-70765815B1AB}"
	ProjectSection(SolutionItems) = preProject
		.nuget\NuGet.Config = .nuget\NuGet.Config
		.nuget\NuGet.exe = .nuget\NuGet.exe
		.nuget\NuGet.targets = .nuget\NuGet.targets
	EndProjectSection
EndProject
Project("{FAE04EC0-301F-11D3-BF4B-00C04F79EFBC}") = "HlslUnit", "HlslUnit\HlslUnit.csproj", "{2967300A-54B4-40BD-972A-5A72143415A8}"
EndProject
Project("{FAE04EC0-301F-11D3-BF4B-00C04F79EFBC}") = "HlslUnit.Tests", "HlslUnit.Tests\HlslUnit.Tests.csproj", "{B67F268E-7C9B-4CD9-B49A-75D8B0A73774}"
EndProject
Global
	GlobalSection(SolutionConfigurationPlatforms) = preSolution
		Debug|Any CPU = Debug|Any CPU
		Release|Any CPU = Release|Any CPU
	EndGlobalSection
	GlobalSection(ProjectConfigurationPlatforms) = postSolution
		{D75528F5-54F9-4E31-94F6-03C194F74CF2}.Debug|Any CPU.ActiveCfg = Debug|Any CPU
		{D75528F5-54F9-4E31-94F6-03C194F74CF2}.Debug|Any CPU.Build.0 = Debug|Any CPU
		{D75528F5-54F9-4E31-94F6-03C194F74CF2}.Release|Any CPU.ActiveCfg = Release|Any CPU
		{D75528F5-54F9-4E31-94F6-03C194F74CF2}.Release|Any CPU.Build.0 = Release|Any CPU
		{3D19DAC1-E727-43BA-A264-A64408B4D598}.Debug|Any CPU.ActiveCfg = Debug|Any CPU
		{3D19DAC1-E727-43BA-A264-A64408B4D598}.Debug|Any CPU.Build.0 = Debug|Any CPU
		{3D19DAC1-E727-43BA-A264-A64408B4D598}.Release|Any CPU.ActiveCfg = Release|Any CPU
		{3D19DAC1-E727-43BA-A264-A64408B4D598}.Release|Any CPU.Build.0 = Release|Any CPU
		{167769B9-A10E-4DFD-B09F-43BFEF4EB673}.Debug|Any CPU.ActiveCfg = Debug|Any CPU
		{167769B9-A10E-4DFD-B09F-43BFEF4EB673}.Debug|Any CPU.Build.0 = Debug|Any CPU
		{167769B9-A10E-4DFD-B09F-43BFEF4EB673}.Release|Any CPU.ActiveCfg = Release|Any CPU
		{167769B9-A10E-4DFD-B09F-43BFEF4EB673}.Release|Any CPU.Build.0 = Release|Any CPU
		{B2E82297-2DCA-4D0A-8CA1-C68A6DB62D67}.Debug|Any CPU.ActiveCfg = Debug|Any CPU
		{B2E82297-2DCA-4D0A-8CA1-C68A6DB62D67}.Debug|Any CPU.Build.0 = Debug|Any CPU
		{B2E82297-2DCA-4D0A-8CA1-C68A6DB62D67}.Release|Any CPU.ActiveCfg = Release|Any CPU
		{B2E82297-2DCA-4D0A-8CA1-C68A6DB62D67}.Release|Any CPU.Build.0 = Release|Any CPU
		{A8C6CC60-E125-4993-9DA4-41784675B5A5}.Debug|Any CPU.ActiveCfg = Debug|Any CPU
		{A8C6CC60-E125-4993-9DA4-41784675B5A5}.Debug|Any CPU.Build.0 = Debug|Any CPU
		{A8C6CC60-E125-4993-9DA4-41784675B5A5}.Release|Any CPU.ActiveCfg = Release|Any CPU
		{A8C6CC60-E125-4993-9DA4-41784675B5A5}.Release|Any CPU.Build.0 = Release|Any CPU
		{B0930EDC-6303-4641-B44D-3AE73A9D00A8}.Debug|Any CPU.ActiveCfg = Debug|Any CPU
		{B0930EDC-6303-4641-B44D-3AE73A9D00A8}.Debug|Any CPU.Build.0 = Debug|Any CPU
		{B0930EDC-6303-4641-B44D-3AE73A9D00A8}.Release|Any CPU.ActiveCfg = Release|Any CPU
		{B0930EDC-6303-4641-B44D-3AE73A9D00A8}.Release|Any CPU.Build.0 = Release|Any CPU
		{32D8D38E-918D-40A7-BFD5-83B0EF596F6B}.Debug|Any CPU.ActiveCfg = Debug|Any CPU
		{32D8D38E-918D-40A7-BFD5-83B0EF596F6B}.Debug|Any CPU.Build.0 = Debug|Any CPU
		{32D8D38E-918D-40A7-BFD5-83B0EF596F6B}.Release|Any CPU.ActiveCfg = Release|Any CPU
		{32D8D38E-918D-40A7-BFD5-83B0EF596F6B}.Release|Any CPU.Build.0 = Release|Any CPU
		{2967300A-54B4-40BD-972A-5A72143415A8}.Debug|Any CPU.ActiveCfg = Debug|Any CPU
		{2967300A-54B4-40BD-972A-5A72143415A8}.Debug|Any CPU.Build.0 = Debug|Any CPU
		{2967300A-54B4-40BD-972A-5A72143415A8}.Release|Any CPU.ActiveCfg = Release|Any CPU
		{2967300A-54B4-40BD-972A-5A72143415A8}.Release|Any CPU.Build.0 = Release|Any CPU
		{B67F268E-7C9B-4CD9-B49A-75D8B0A73774}.Debug|Any CPU.ActiveCfg = Debug|Any CPU
		{B67F268E-7C9B-4CD9-B49A-75D8B0A73774}.Debug|Any CPU.Build.0 = Debug|Any CPU
		{B67F268E-7C9B-4CD9-B49A-75D8B0A73774}.Release|Any CPU.ActiveCfg = Release|Any CPU
		{B67F268E-7C9B-4CD9-B49A-75D8B0A73774}.Release|Any CPU.Build.0 = Release|Any CPU
	EndGlobalSection
	GlobalSection(SolutionProperties) = preSolution
		HideSolutionNode = FALSE
	EndGlobalSection
EndGlobal
