
Microsoft Visual Studio Solution File, Format Version 12.00
# Visual Studio 2012
Project("{FAE04EC0-301F-11D3-BF4B-00C04F79EFBC}") = "SlimShader", "SlimShader\SlimShader.csproj", "{D75528F5-54F9-4E31-94F6-03C194F74CF2}"
EndProject
Project("{FAE04EC0-301F-11D3-BF4B-00C04F79EFBC}") = "SlimShader.Tests", "SlimShader.Tests\SlimShader.Tests.csproj", "{3D19DAC1-E727-43BA-A264-A64408B4D598}"
EndProject
Project("{FAE04EC0-301F-11D3-BF4B-00C04F79EFBC}") = "SlimShader.VirtualMachine", "SlimShader.VirtualMachine\SlimShader.VirtualMachine.csproj", "{167769B9-A10E-4DFD-B09F-43BFEF4EB673}"
EndProject
Project("{FAE04EC0-301F-11D3-BF4B-00C04F79EFBC}") = "SlimShader.VirtualMachine.Tests", "SlimShader.VirtualMachine.Tests\SlimShader.VirtualMachine.Tests.csproj", "{B2E82297-2DCA-4D0A-8CA1-C68A6DB62D67}"
EndProject
Project("{FAE04EC0-301F-11D3-BF4B-00C04F79EFBC}") = "SlimShader.Studio", "SlimShader.Studio\SlimShader.Studio.csproj", "{A8C6CC60-E125-4993-9DA4-41784675B5A5}"
EndProject
Project("{FAE04EC0-301F-11D3-BF4B-00C04F79EFBC}") = "SlimShader.Compiler", "SlimShader.Compiler\SlimShader.Compiler.csproj", "{B0930EDC-6303-4641-B44D-3AE73A9D00A8}"
EndProject
Global
	GlobalSection(SolutionConfigurationPlatforms) = preSolution
		Debug|Any CPU = Debug|Any CPU
		Release|Any CPU = Release|Any CPU
	EndGlobalSection
	GlobalSection(ProjectConfigurationPlatforms) = postSolution
		{D75528F5-54F9-4E31-94F6-03C194F74CF2}.Debug|Any CPU.ActiveCfg = Debug|Any CPU
		{D75528F5-54F9-4E31-94F6-03C194F74CF2}.Debug|Any CPU.Build.0 = Debug|Any CPU
		{D75528F5-54F9-4E31-94F6-03C194F74CF2}.Release|Any CPU.ActiveCfg = Release|Any CPU
		{D75528F5-54F9-4E31-94F6-03C194F74CF2}.Release|Any CPU.Build.0 = Release|Any CPU
		{3D19DAC1-E727-43BA-A264-A64408B4D598}.Debug|Any CPU.ActiveCfg = Debug|Any CPU
		{3D19DAC1-E727-43BA-A264-A64408B4D598}.Debug|Any CPU.Build.0 = Debug|Any CPU
		{3D19DAC1-E727-43BA-A264-A64408B4D598}.Release|Any CPU.ActiveCfg = Release|Any CPU
		{3D19DAC1-E727-43BA-A264-A64408B4D598}.Release|Any CPU.Build.0 = Release|Any CPU
		{167769B9-A10E-4DFD-B09F-43BFEF4EB673}.Debug|Any CPU.ActiveCfg = Debug|Any CPU
		{167769B9-A10E-4DFD-B09F-43BFEF4EB673}.Debug|Any CPU.Build.0 = Debug|Any CPU
		{167769B9-A10E-4DFD-B09F-43BFEF4EB673}.Release|Any CPU.ActiveCfg = Release|Any CPU
		{167769B9-A10E-4DFD-B09F-43BFEF4EB673}.Release|Any CPU.Build.0 = Release|Any CPU
		{B2E82297-2DCA-4D0A-8CA1-C68A6DB62D67}.Debug|Any CPU.ActiveCfg = Debug|Any CPU
		{B2E82297-2DCA-4D0A-8CA1-C68A6DB62D67}.Debug|Any CPU.Build.0 = Debug|Any CPU
		{B2E82297-2DCA-4D0A-8CA1-C68A6DB62D67}.Release|Any CPU.ActiveCfg = Release|Any CPU
		{B2E82297-2DCA-4D0A-8CA1-C68A6DB62D67}.Release|Any CPU.Build.0 = Release|Any CPU
		{A8C6CC60-E125-4993-9DA4-41784675B5A5}.Debug|Any CPU.ActiveCfg = Debug|Any CPU
		{A8C6CC60-E125-4993-9DA4-41784675B5A5}.Debug|Any CPU.Build.0 = Debug|Any CPU
		{A8C6CC60-E125-4993-9DA4-41784675B5A5}.Release|Any CPU.ActiveCfg = Release|Any CPU
		{A8C6CC60-E125-4993-9DA4-41784675B5A5}.Release|Any CPU.Build.0 = Release|Any CPU
		{B0930EDC-6303-4641-B44D-3AE73A9D00A8}.Debug|Any CPU.ActiveCfg = Debug|Any CPU
		{B0930EDC-6303-4641-B44D-3AE73A9D00A8}.Debug|Any CPU.Build.0 = Debug|Any CPU
		{B0930EDC-6303-4641-B44D-3AE73A9D00A8}.Release|Any CPU.ActiveCfg = Release|Any CPU
		{B0930EDC-6303-4641-B44D-3AE73A9D00A8}.Release|Any CPU.Build.0 = Release|Any CPU
	EndGlobalSection
	GlobalSection(SolutionProperties) = preSolution
		HideSolutionNode = FALSE
	EndGlobalSection
EndGlobal
